
Microsoft Visual Studio Solution File, Format Version 12.00
# Visual Studio Version 17
VisualStudioVersion = 17.14.37027.9 d17.14
MinimumVisualStudioVersion = 10.0.40219.1
Project("{FAE04EC0-301F-11D3-BF4B-00C04F79EFBC}") = "LUXE", "LUXE.csproj", "{AC08F0CF-B410-406E-A59F-9A7AF5E64318}"
EndProject
Global
	GlobalSection(SolutionConfigurationPlatforms) = preSolution
		Debug|Any CPU = Debug|Any CPU
		Release|Any CPU = Release|Any CPU
	EndGlobalSection
	GlobalSection(ProjectConfigurationPlatforms) = postSolution
		{AC08F0CF-B410-406E-A59F-9A7AF5E64318}.Debug|Any CPU.ActiveCfg = Debug|Any CPU
		{AC08F0CF-B410-406E-A59F-9A7AF5E64318}.Debug|Any CPU.Build.0 = Debug|Any CPU
		{AC08F0CF-B410-406E-A59F-9A7AF5E64318}.Release|Any CPU.ActiveCfg = Release|Any CPU
		{AC08F0CF-B410-406E-A59F-9A7AF5E64318}.Release|Any CPU.Build.0 = Release|Any CPU
	EndGlobalSection
	GlobalSection(SolutionProperties) = preSolution
		HideSolutionNode = FALSE
	EndGlobalSection
	GlobalSection(ExtensibilityGlobals) = postSolution
		SolutionGuid = {ADA4CB82-5B88-468D-9B68-027AD8FF8BC0}
	EndGlobalSection
EndGlobal
